
Microsoft Visual Studio Solution File, Format Version 12.00
# Visual Studio Version 17
VisualStudioVersion = 17.6.33723.286
MinimumVisualStudioVersion = 10.0.40219.1
Project("{FAE04EC0-301F-11D3-BF4B-00C04F79EFBC}") = "AirsoftRUs", "AirsoftRUs\AirsoftRUs.csproj", "{9AF5C22A-D0B8-4EAA-BA2B-0AEBE8E20ED8}"
EndProject
Global
	GlobalSection(SolutionConfigurationPlatforms) = preSolution
		Debug|Any CPU = Debug|Any CPU
		Release|Any CPU = Release|Any CPU
	EndGlobalSection
	GlobalSection(ProjectConfigurationPlatforms) = postSolution
		{9AF5C22A-D0B8-4EAA-BA2B-0AEBE8E20ED8}.Debug|Any CPU.ActiveCfg = Debug|Any CPU
		{9AF5C22A-D0B8-4EAA-BA2B-0AEBE8E20ED8}.Debug|Any CPU.Build.0 = Debug|Any CPU
		{9AF5C22A-D0B8-4EAA-BA2B-0AEBE8E20ED8}.Release|Any CPU.ActiveCfg = Release|Any CPU
		{9AF5C22A-D0B8-4EAA-BA2B-0AEBE8E20ED8}.Release|Any CPU.Build.0 = Release|Any CPU
	EndGlobalSection
	GlobalSection(SolutionProperties) = preSolution
		HideSolutionNode = FALSE
	EndGlobalSection
	GlobalSection(ExtensibilityGlobals) = postSolution
		SolutionGuid = {6E9C940E-42E5-415B-AB5E-798680D370B4}
	EndGlobalSection
EndGlobal
